
Microsoft Visual Studio Solution File, Format Version 12.00
# Visual Studio Version 17
VisualStudioVersion = 17.14.36221.1 d17.14
MinimumVisualStudioVersion = 10.0.40219.1
Project("{FAE04EC0-301F-11D3-BF4B-00C04F79EFBC}") = "Sefim", "Sefim\Sefim.csproj", "{D9962694-E92F-4CFC-A95A-0ECAC86D3C11}"
EndProject
Global
	GlobalSection(SolutionConfigurationPlatforms) = preSolution
		Debug|Any CPU = Debug|Any CPU
		Release|Any CPU = Release|Any CPU
	EndGlobalSection
	GlobalSection(ProjectConfigurationPlatforms) = postSolution
		{D9962694-E92F-4CFC-A95A-0ECAC86D3C11}.Debug|Any CPU.ActiveCfg = Debug|Any CPU
		{D9962694-E92F-4CFC-A95A-0ECAC86D3C11}.Debug|Any CPU.Build.0 = Debug|Any CPU
		{D9962694-E92F-4CFC-A95A-0ECAC86D3C11}.Release|Any CPU.ActiveCfg = Release|Any CPU
		{D9962694-E92F-4CFC-A95A-0ECAC86D3C11}.Release|Any CPU.Build.0 = Release|Any CPU
	EndGlobalSection
	GlobalSection(SolutionProperties) = preSolution
		HideSolutionNode = FALSE
	EndGlobalSection
	GlobalSection(ExtensibilityGlobals) = postSolution
		SolutionGuid = {84983134-3983-43C4-A28D-17C0C5591485}
	EndGlobalSection
EndGlobal
